
Microsoft Visual Studio Solution File, Format Version 12.00
# Visual Studio Version 16
VisualStudioVersion = 16.0.30204.135
MinimumVisualStudioVersion = 10.0.40219.1
Project("{FAE04EC0-301F-11D3-BF4B-00C04F79EFBC}") = "SRUL-Editor", "SRUL\SRUL-Editor.csproj", "{72314A8A-F0E9-4083-9878-8C1138DD2C9B}"
EndProject
Global
	GlobalSection(SolutionConfigurationPlatforms) = preSolution
		Debug|Any CPU = Debug|Any CPU
		Release|Any CPU = Release|Any CPU
	EndGlobalSection
	GlobalSection(ProjectConfigurationPlatforms) = postSolution
		{72314A8A-F0E9-4083-9878-8C1138DD2C9B}.Debug|Any CPU.ActiveCfg = Debug|Any CPU
		{72314A8A-F0E9-4083-9878-8C1138DD2C9B}.Debug|Any CPU.Build.0 = Debug|Any CPU
		{72314A8A-F0E9-4083-9878-8C1138DD2C9B}.Release|Any CPU.ActiveCfg = Release|Any CPU
		{72314A8A-F0E9-4083-9878-8C1138DD2C9B}.Release|Any CPU.Build.0 = Release|Any CPU
	EndGlobalSection
	GlobalSection(SolutionProperties) = preSolution
		HideSolutionNode = FALSE
	EndGlobalSection
	GlobalSection(ExtensibilityGlobals) = postSolution
		SolutionGuid = {20303F9F-CE65-46D8-8C1F-76BBFF328E01}
	EndGlobalSection
EndGlobal
